
Microsoft Visual Studio Solution File, Format Version 12.00
Project("{FAE04EC0-301F-11D3-BF4B-00C04F79EFBC}") = "HeatLoss.Plugin", "HeatLoss.Plugin\HeatLoss.Plugin.csproj", "{E4564A91-1D70-451F-9445-0C6A8DF1F2A3}"
EndProject
Project("{FAE04EC0-301F-11D3-BF4B-00C04F79EFBC}") = "HeatLoss.Domain", "HeatLoss.Domain\HeatLoss.Domain.csproj", "{AE450F13-D36A-4CC8-991E-6C1385959684}"
EndProject
Project("{FAE04EC0-301F-11D3-BF4B-00C04F79EFBC}") = "HeatLoss.Infrastructure.NanoCad", "HeatLoss.Infrastructure.NanoCad\HeatLoss.Infrastructure.NanoCad.csproj", "{861283FB-7488-4FC2-9B5C-BF386C9DA620}"
EndProject
Project("{FAE04EC0-301F-11D3-BF4B-00C04F79EFBC}") = "HeatLoss.Geometry", "HeatLoss.Geometry\HeatLoss.Geometry.csproj", "{E7F85936-AAD4-420D-B349-4EF99EEC34E6}"
EndProject
Project("{FAE04EC0-301F-11D3-BF4B-00C04F79EFBC}") = "HeatLoss.Reports", "HeatLoss.Reports\HeatLoss.Reports.csproj", "{C034EB84-E101-4E50-91B9-9361A71E033F}"
EndProject
Project("{2150E333-8FDC-42A3-9474-1A3956D46DE8}") = "HeatLoss.Infrastructure", "HeatLoss.Infrastructure", "{89D0080E-AE36-45CA-9B9F-E82F9461724A}"
EndProject
Project("{FAE04EC0-301F-11D3-BF4B-00C04F79EFBC}") = "HeatLoss.Calculations", "HeatLoss.Calculations\HeatLoss.Calculations.csproj", "{9D3D5A7F-71A1-431C-9E38-30BEDDEE853E}"
EndProject
Project("{FAE04EC0-301F-11D3-BF4B-00C04F79EFBC}") = "HeatLoss.Application", "HeatLoss.Application\HeatLoss.Application.csproj", "{DAE0921E-9DC3-48A9-BB50-EA31BAAD0661}"
EndProject
Project("{FAE04EC0-301F-11D3-BF4B-00C04F79EFBC}") = "HeatLoss.Infrastructure.Common", "HeatLoss.Infrastructure.Common\HeatLoss.Infrastructure.Common.csproj", "{F7197CA2-1CF7-4C5B-90B0-B2D0F2401D28}"
EndProject
Global
	GlobalSection(SolutionConfigurationPlatforms) = preSolution
		Debug|Any CPU = Debug|Any CPU
		Release|Any CPU = Release|Any CPU
	EndGlobalSection
	GlobalSection(ProjectConfigurationPlatforms) = postSolution
		{E4564A91-1D70-451F-9445-0C6A8DF1F2A3}.Debug|Any CPU.ActiveCfg = Debug|Any CPU
		{E4564A91-1D70-451F-9445-0C6A8DF1F2A3}.Debug|Any CPU.Build.0 = Debug|Any CPU
		{E4564A91-1D70-451F-9445-0C6A8DF1F2A3}.Release|Any CPU.ActiveCfg = Release|Any CPU
		{E4564A91-1D70-451F-9445-0C6A8DF1F2A3}.Release|Any CPU.Build.0 = Release|Any CPU
		{AE450F13-D36A-4CC8-991E-6C1385959684}.Debug|Any CPU.ActiveCfg = Debug|Any CPU
		{AE450F13-D36A-4CC8-991E-6C1385959684}.Debug|Any CPU.Build.0 = Debug|Any CPU
		{AE450F13-D36A-4CC8-991E-6C1385959684}.Release|Any CPU.ActiveCfg = Release|Any CPU
		{AE450F13-D36A-4CC8-991E-6C1385959684}.Release|Any CPU.Build.0 = Release|Any CPU
		{861283FB-7488-4FC2-9B5C-BF386C9DA620}.Debug|Any CPU.ActiveCfg = Debug|Any CPU
		{861283FB-7488-4FC2-9B5C-BF386C9DA620}.Debug|Any CPU.Build.0 = Debug|Any CPU
		{861283FB-7488-4FC2-9B5C-BF386C9DA620}.Release|Any CPU.ActiveCfg = Release|Any CPU
		{861283FB-7488-4FC2-9B5C-BF386C9DA620}.Release|Any CPU.Build.0 = Release|Any CPU
		{E7F85936-AAD4-420D-B349-4EF99EEC34E6}.Debug|Any CPU.ActiveCfg = Debug|Any CPU
		{E7F85936-AAD4-420D-B349-4EF99EEC34E6}.Debug|Any CPU.Build.0 = Debug|Any CPU
		{E7F85936-AAD4-420D-B349-4EF99EEC34E6}.Release|Any CPU.ActiveCfg = Release|Any CPU
		{E7F85936-AAD4-420D-B349-4EF99EEC34E6}.Release|Any CPU.Build.0 = Release|Any CPU
		{C034EB84-E101-4E50-91B9-9361A71E033F}.Debug|Any CPU.ActiveCfg = Debug|Any CPU
		{C034EB84-E101-4E50-91B9-9361A71E033F}.Debug|Any CPU.Build.0 = Debug|Any CPU
		{C034EB84-E101-4E50-91B9-9361A71E033F}.Release|Any CPU.ActiveCfg = Release|Any CPU
		{C034EB84-E101-4E50-91B9-9361A71E033F}.Release|Any CPU.Build.0 = Release|Any CPU
		{9D3D5A7F-71A1-431C-9E38-30BEDDEE853E}.Debug|Any CPU.ActiveCfg = Debug|Any CPU
		{9D3D5A7F-71A1-431C-9E38-30BEDDEE853E}.Debug|Any CPU.Build.0 = Debug|Any CPU
		{9D3D5A7F-71A1-431C-9E38-30BEDDEE853E}.Release|Any CPU.ActiveCfg = Release|Any CPU
		{9D3D5A7F-71A1-431C-9E38-30BEDDEE853E}.Release|Any CPU.Build.0 = Release|Any CPU
		{DAE0921E-9DC3-48A9-BB50-EA31BAAD0661}.Debug|Any CPU.ActiveCfg = Debug|Any CPU
		{DAE0921E-9DC3-48A9-BB50-EA31BAAD0661}.Debug|Any CPU.Build.0 = Debug|Any CPU
		{DAE0921E-9DC3-48A9-BB50-EA31BAAD0661}.Release|Any CPU.ActiveCfg = Release|Any CPU
		{DAE0921E-9DC3-48A9-BB50-EA31BAAD0661}.Release|Any CPU.Build.0 = Release|Any CPU
		{F7197CA2-1CF7-4C5B-90B0-B2D0F2401D28}.Debug|Any CPU.ActiveCfg = Debug|Any CPU
		{F7197CA2-1CF7-4C5B-90B0-B2D0F2401D28}.Debug|Any CPU.Build.0 = Debug|Any CPU
		{F7197CA2-1CF7-4C5B-90B0-B2D0F2401D28}.Release|Any CPU.ActiveCfg = Release|Any CPU
		{F7197CA2-1CF7-4C5B-90B0-B2D0F2401D28}.Release|Any CPU.Build.0 = Release|Any CPU
	EndGlobalSection
	GlobalSection(NestedProjects) = preSolution
		{861283FB-7488-4FC2-9B5C-BF386C9DA620} = {89D0080E-AE36-45CA-9B9F-E82F9461724A}
		{F7197CA2-1CF7-4C5B-90B0-B2D0F2401D28} = {89D0080E-AE36-45CA-9B9F-E82F9461724A}
		{E4564A91-1D70-451F-9445-0C6A8DF1F2A3} = {89D0080E-AE36-45CA-9B9F-E82F9461724A}
	EndGlobalSection
EndGlobal
